
Microsoft Visual Studio Solution File, Format Version 12.00
# Visual Studio Version 16
VisualStudioVersion = 16.0.30804.86
MinimumVisualStudioVersion = 10.0.40219.1
Project("{9A19103F-16F7-4668-BE54-9A1E7A4F7556}") = "Project_Sigma", "Project_Sigma\Project_Sigma.csproj", "{ADBE26FD-F9E0-4BC4-8060-F4376674DA04}"
EndProject
Global
	GlobalSection(SolutionConfigurationPlatforms) = preSolution
		Debug|Any CPU = Debug|Any CPU
		Release|Any CPU = Release|Any CPU
	EndGlobalSection
	GlobalSection(ProjectConfigurationPlatforms) = postSolution
		{ADBE26FD-F9E0-4BC4-8060-F4376674DA04}.Debug|Any CPU.ActiveCfg = Debug|Any CPU
		{ADBE26FD-F9E0-4BC4-8060-F4376674DA04}.Debug|Any CPU.Build.0 = Debug|Any CPU
		{ADBE26FD-F9E0-4BC4-8060-F4376674DA04}.Release|Any CPU.ActiveCfg = Release|Any CPU
		{ADBE26FD-F9E0-4BC4-8060-F4376674DA04}.Release|Any CPU.Build.0 = Release|Any CPU
	EndGlobalSection
	GlobalSection(SolutionProperties) = preSolution
		HideSolutionNode = FALSE
	EndGlobalSection
	GlobalSection(ExtensibilityGlobals) = postSolution
		SolutionGuid = {805CCDE4-FB06-4E3F-930B-6AD3E1E94588}
	EndGlobalSection
EndGlobal
